{
  "version": 4,
  "terraform_version": "1.6.0",
  "serial": 59,
  "lineage": "63836101-c5ca-00a8-2db3-35cba5f131bd",
  "outputs": {},
  "resources": [
    {
      "mode": "data",
      "type": "google_iam_policy",
      "name": "serviceagent_secretAccessor",
      "provider": "provider[\"registry.terraform.io/hashicorp/google\"]",
      "instances": [
        {
          "schema_version": 0,
          "attributes": {
            "audit_config": null,
            "binding": [
              {
                "condition": [],
                "members": [
                  "serviceAccount:service-24562761082@gcp-sa-cloudbuild.iam.gserviceaccount.com"
                ],
                "role": "roles/secretmanager.secretAccessor"
              }
            ],
            "id": "4046440773",
            "policy_data": "{\"bindings\":[{\"members\":[\"serviceAccount:service-24562761082@gcp-sa-cloudbuild.iam.gserviceaccount.com\"],\"role\":\"roles/secretmanager.secretAccessor\"}]}"
          },
          "sensitive_attributes": []
        }
      ]
    },
    {
      "mode": "data",
      "type": "google_service_account_access_token",
      "name": "default",
      "provider": "provider[\"registry.terraform.io/hashicorp/google\"].impersonation",
      "instances": [
        {
          "schema_version": 0,
          "attributes": {
            "access_token": "ya29.c.c0AY_VpZi92RUEMzr84g16bov071m_tzMlDx9LIv5-pjyGCB8mPTur0Dp8yaL02yn2ioqEvmH3NpX-NynDkABb0Yrg3UmAVZFxjy1-9iD1aKNeETJIXSxIrEtqdQ7fi63Ag6AEY7xDzFf9SP70YV22cREVzpHHWj8LHoXu-jUmBbxwa4itBozsDUdU7EHI2JNWm-FQ4T8Md15yrvD8m7J_kocOU5yd257P2uTP1HgVV-oc0GmPn5P0S8wcETMeePXUtk6N5OAdyf3wkAFPErtrAWHY1lN8nP2S4OpQSG5cllrjOk8rQ7uQ5oXIU6pyGoc54NLbSjQ0I716UKVOvIjkUzD_FaRTBLlx6BTwWZXjGukIZBFs-h9SBx41TO6HbjITt7qUs46xMQVDDizOnFRRpUuBMu3u_zju86d0NfgFDqaqpPTTV8sTJbgeJCq2s3NAAkIhUtclvJiWCzgCAQED6RkrEdMhkFktXLKptZMtbu4aSy-5DkymsFHyl6wPK2JvWzPDbcGI-b44Qqj6rTInojXxee2yFFG7V0pEd4HOa1gdm12b-okPJgCLPLjW_KIL584PmSWh3-zwUYS2nVph-1ptif-IFkykwqemJ6Y__sVrFt2v2RM1qYhwQtV95Os0YWdhY-uSJMXtSYIfcl09agSgg-zyF5m2rlu6kI9no_dMvtl1Si1_yn-WUYoVdv8vIVnxSd_lOq3UXO6Wmbstm72I-w_gom0oZkZeFnujwJUrfxs5Moq1xF9xF7s8U2lutmo-MJ6QtfloqiQb3rqo_rqktvtiOfWQhqnwdZM-24mf2XJc40SairkZ4uXaVedUW38J_W6Os_qp45MsvuXjjdzi-Vr4o2BvvOuMObafq8clWp3IlvtlYJW-tROMY3qi14nB4Zf3oyW-vIYZ9y0WO8rvidF0BZYqqVqkX9RzvyUYW7UIhMzJaWgyn1t8cwlSipvOVOt4SXd4rd29_zMqfgWazznOqzyo7BseRB3edrkIYInXMghZMdv",
            "delegates": null,
            "id": "projects/-/serviceAccounts/nashtech-ai-dev-app-sa@nashtech-ai-dev-389315.iam.gserviceaccount.com",
            "lifetime": "1200s",
            "scopes": [
              "cloud-platform",
              "userinfo-email"
            ],
            "target_service_account": "nashtech-ai-dev-app-sa@nashtech-ai-dev-389315.iam.gserviceaccount.com"
          },
          "sensitive_attributes": []
        }
      ]
    },
    {
      "mode": "managed",
      "type": "google_cloudbuild_trigger",
      "name": "serve-trigger",
      "provider": "provider[\"registry.terraform.io/hashicorp/google\"]",
      "instances": [
        {
          "schema_version": 2,
          "attributes": {
            "approval_config": [
              {
                "approval_required": false
              }
            ],
            "bitbucket_server_trigger_config": [],
            "build": [],
            "create_time": "2023-11-06T08:05:30.449105819Z",
            "description": "",
            "disabled": false,
            "filename": "serving_container/serve_model_build.yaml",
            "filter": "",
            "git_file_source": [],
            "github": [],
            "id": "projects/nashtech-ai-dev-389315/locations/us-central1/triggers/0eddaf34-4513-4b0f-9c6d-6e40b956203b",
            "ignored_files": null,
            "include_build_logs": "",
            "included_files": null,
            "location": "us-central1",
            "name": "clustering-serve-trigger",
            "project": "nashtech-ai-dev-389315",
            "pubsub_config": [
              {
                "service_account_email": "",
                "state": "",
                "subscription": "projects/24562761082/subscriptions/gcb-clustering-serve-trigger",
                "topic": "projects/nashtech-ai-dev-389315/topics/serve-model-topic"
              }
            ],
            "repository_event_config": [],
            "service_account": "projects/nashtech-ai-dev-389315/serviceAccounts/nashtech-ai-dev-app-sa@nashtech-ai-dev-389315.iam.gserviceaccount.com",
            "source_to_build": [],
            "substitutions": null,
            "tags": null,
            "timeouts": null,
            "trigger_id": "0eddaf34-4513-4b0f-9c6d-6e40b956203b",
            "trigger_template": [],
            "webhook_config": []
          },
          "sensitive_attributes": [],
          "private": "eyJlMmJmYjczMC1lY2FhLTExZTYtOGY4OC0zNDM2M2JjN2M0YzAiOnsiY3JlYXRlIjoxMjAwMDAwMDAwMDAwLCJkZWxldGUiOjEyMDAwMDAwMDAwMDAsInVwZGF0ZSI6MTIwMDAwMDAwMDAwMH0sInNjaGVtYV92ZXJzaW9uIjoiMiJ9",
          "dependencies": [
            "data.google_service_account_access_token.default",
            "google_pubsub_topic.serve-trigger-topic"
          ]
        }
      ]
    },
    {
      "mode": "managed",
      "type": "google_cloudbuildv2_connection",
      "name": "my_connection",
      "provider": "provider[\"registry.terraform.io/hashicorp/google\"]",
      "instances": [
        {
          "schema_version": 0,
          "attributes": {
            "annotations": {},
            "create_time": "2023-11-01T13:11:41.177700104Z",
            "disabled": false,
            "effective_annotations": {},
            "etag": "XHb83Hm3GLkXzLF0aeMjoZrbt0WQ5dXkQogN5WJlbOs",
            "github_config": [
              {
                "app_installation_id": 40534709,
                "authorizer_credential": [
                  {
                    "oauth_token_secret_version": "projects/24562761082/secrets/pipeline-trial/versions/1",
                    "username": ""
                  }
                ]
              }
            ],
            "github_enterprise_config": [],
            "gitlab_config": [],
            "id": "projects/nashtech-ai-dev-389315/locations/us-central1/connections/test-pipeline",
            "installation_state": [
              {
                "action_uri": "",
                "message": "",
                "stage": "COMPLETE"
              }
            ],
            "location": "us-central1",
            "name": "test-pipeline",
            "project": "nashtech-ai-dev-389315",
            "reconciling": false,
            "timeouts": null,
            "update_time": "2023-11-01T13:11:41.803059657Z"
          },
          "sensitive_attributes": [],
          "private": "eyJlMmJmYjczMC1lY2FhLTExZTYtOGY4OC0zNDM2M2JjN2M0YzAiOnsiY3JlYXRlIjoxMjAwMDAwMDAwMDAwLCJkZWxldGUiOjEyMDAwMDAwMDAwMDAsInVwZGF0ZSI6MTIwMDAwMDAwMDAwMH19",
          "dependencies": [
            "data.google_iam_policy.serviceagent_secretAccessor",
            "data.google_service_account_access_token.default",
            "google_secret_manager_secret.github_token_secret",
            "google_secret_manager_secret_iam_policy.policy",
            "google_secret_manager_secret_version.github_token_secret_version"
          ]
        }
      ]
    },
    {
      "mode": "managed",
      "type": "google_cloudbuildv2_repository",
      "name": "my_repository",
      "provider": "provider[\"registry.terraform.io/hashicorp/google\"]",
      "instances": [
        {
          "schema_version": 0,
          "attributes": {
            "annotations": {},
            "create_time": "2023-11-01T13:13:40.284382192Z",
            "effective_annotations": {},
            "etag": "0g3gXWek2skQABfCjSEyRcLiO42ioAZbwkVlhxSayno",
            "id": "projects/nashtech-ai-dev-389315/locations/us-central1/connections/test-pipeline/repositories/test-pipeline",
            "location": "us-central1",
            "name": "test-pipeline",
            "parent_connection": "test-pipeline",
            "project": "nashtech-ai-dev-389315",
            "remote_uri": "https://github.com/amanknoldus/test-pipeline.git",
            "timeouts": null,
            "update_time": "2023-11-01T13:13:40.929857222Z"
          },
          "sensitive_attributes": [],
          "private": "eyJlMmJmYjczMC1lY2FhLTExZTYtOGY4OC0zNDM2M2JjN2M0YzAiOnsiY3JlYXRlIjoxMjAwMDAwMDAwMDAwLCJkZWxldGUiOjEyMDAwMDAwMDAwMDB9fQ==",
          "dependencies": [
            "data.google_iam_policy.serviceagent_secretAccessor",
            "data.google_service_account_access_token.default",
            "google_cloudbuildv2_connection.my_connection",
            "google_secret_manager_secret.github_token_secret",
            "google_secret_manager_secret_iam_policy.policy",
            "google_secret_manager_secret_version.github_token_secret_version"
          ]
        }
      ]
    },
    {
      "mode": "managed",
      "type": "google_pubsub_topic",
      "name": "serve-trigger-topic",
      "provider": "provider[\"registry.terraform.io/hashicorp/google\"]",
      "instances": [
        {
          "schema_version": 0,
          "attributes": {
            "effective_labels": {},
            "id": "projects/nashtech-ai-dev-389315/topics/serve-model-topic",
            "kms_key_name": "",
            "labels": {},
            "message_retention_duration": "",
            "message_storage_policy": [],
            "name": "serve-model-topic",
            "project": "nashtech-ai-dev-389315",
            "schema_settings": [],
            "terraform_labels": {},
            "timeouts": null
          },
          "sensitive_attributes": [],
          "private": "eyJlMmJmYjczMC1lY2FhLTExZTYtOGY4OC0zNDM2M2JjN2M0YzAiOnsiY3JlYXRlIjoxMjAwMDAwMDAwMDAwLCJkZWxldGUiOjEyMDAwMDAwMDAwMDAsInVwZGF0ZSI6MTIwMDAwMDAwMDAwMH19",
          "dependencies": [
            "data.google_service_account_access_token.default"
          ]
        }
      ]
    },
    {
      "mode": "managed",
      "type": "google_secret_manager_secret",
      "name": "github_token_secret",
      "provider": "provider[\"registry.terraform.io/hashicorp/google\"]",
      "instances": [
        {
          "schema_version": 0,
          "attributes": {
            "annotations": {},
            "create_time": "2023-11-01T13:13:33.364676Z",
            "effective_annotations": {},
            "effective_labels": {},
            "expire_time": "",
            "id": "projects/nashtech-ai-dev-389315/secrets/pipeline-trial",
            "labels": {},
            "name": "projects/24562761082/secrets/pipeline-trial",
            "project": "nashtech-ai-dev-389315",
            "replication": [
              {
                "auto": [],
                "user_managed": [
                  {
                    "replicas": [
                      {
                        "customer_managed_encryption": [],
                        "location": "us-central1"
                      }
                    ]
                  }
                ]
              }
            ],
            "rotation": [],
            "secret_id": "pipeline-trial",
            "terraform_labels": {},
            "timeouts": null,
            "topics": [],
            "ttl": null,
            "version_aliases": {}
          },
          "sensitive_attributes": [],
          "private": "eyJlMmJmYjczMC1lY2FhLTExZTYtOGY4OC0zNDM2M2JjN2M0YzAiOnsiY3JlYXRlIjoxMjAwMDAwMDAwMDAwLCJkZWxldGUiOjEyMDAwMDAwMDAwMDAsInVwZGF0ZSI6MTIwMDAwMDAwMDAwMH19",
          "dependencies": [
            "data.google_service_account_access_token.default"
          ]
        }
      ]
    },
    {
      "mode": "managed",
      "type": "google_secret_manager_secret_iam_policy",
      "name": "policy",
      "provider": "provider[\"registry.terraform.io/hashicorp/google\"]",
      "instances": [
        {
          "schema_version": 0,
          "attributes": {
            "etag": "BwYJFwnbq8s=",
            "id": "projects/nashtech-ai-dev-389315/secrets/pipeline-trial",
            "policy_data": "{\"bindings\":[{\"members\":[\"serviceAccount:service-24562761082@gcp-sa-cloudbuild.iam.gserviceaccount.com\"],\"role\":\"roles/secretmanager.secretAccessor\"}]}",
            "project": "nashtech-ai-dev-389315",
            "secret_id": "projects/nashtech-ai-dev-389315/secrets/pipeline-trial"
          },
          "sensitive_attributes": [],
          "private": "bnVsbA==",
          "dependencies": [
            "data.google_iam_policy.serviceagent_secretAccessor",
            "data.google_service_account_access_token.default",
            "google_secret_manager_secret.github_token_secret"
          ]
        }
      ]
    },
    {
      "mode": "managed",
      "type": "google_secret_manager_secret_version",
      "name": "github_token_secret_version",
      "provider": "provider[\"registry.terraform.io/hashicorp/google\"]",
      "instances": [
        {
          "schema_version": 0,
          "attributes": {
            "create_time": "2023-11-01T13:13:35.295274Z",
            "deletion_policy": "DELETE",
            "destroy_time": "",
            "enabled": true,
            "id": "projects/24562761082/secrets/pipeline-trial/versions/1",
            "is_secret_data_base64": false,
            "name": "projects/24562761082/secrets/pipeline-trial/versions/1",
            "secret": "projects/nashtech-ai-dev-389315/secrets/pipeline-trial",
            "secret_data": "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",
            "timeouts": null,
            "version": "1"
          },
          "sensitive_attributes": [],
          "private": "eyJlMmJmYjczMC1lY2FhLTExZTYtOGY4OC0zNDM2M2JjN2M0YzAiOnsiY3JlYXRlIjoxMjAwMDAwMDAwMDAwLCJkZWxldGUiOjEyMDAwMDAwMDAwMDB9fQ==",
          "dependencies": [
            "data.google_service_account_access_token.default",
            "google_secret_manager_secret.github_token_secret"
          ]
        }
      ]
    }
  ],
  "check_results": null
}
