{
  "version": 4,
  "terraform_version": "1.6.0",
  "serial": 61,
  "lineage": "63836101-c5ca-00a8-2db3-35cba5f131bd",
  "outputs": {},
  "resources": [
    {
      "mode": "data",
      "type": "google_iam_policy",
      "name": "serviceagent_secretAccessor",
      "provider": "provider[\"registry.terraform.io/hashicorp/google\"]",
      "instances": [
        {
          "schema_version": 0,
          "attributes": {
            "audit_config": null,
            "binding": [
              {
                "condition": [],
                "members": [
                  "serviceAccount:service-24562761082@gcp-sa-cloudbuild.iam.gserviceaccount.com"
                ],
                "role": "roles/secretmanager.secretAccessor"
              }
            ],
            "id": "4046440773",
            "policy_data": "{\"bindings\":[{\"members\":[\"serviceAccount:service-24562761082@gcp-sa-cloudbuild.iam.gserviceaccount.com\"],\"role\":\"roles/secretmanager.secretAccessor\"}]}"
          },
          "sensitive_attributes": []
        }
      ]
    },
    {
      "mode": "data",
      "type": "google_service_account_access_token",
      "name": "default",
      "provider": "provider[\"registry.terraform.io/hashicorp/google\"].impersonation",
      "instances": [
        {
          "schema_version": 0,
          "attributes": {
            "access_token": "ya29.c.c0AY_VpZjWxr3_2aI4mwoicznj5TAu4RPkI6R1Z06bQ3bjTdFMnvpLWHVjRiEy0HjS-DDWZog3JxX5s6tLCEGOvAGgtoyKr7gX9076CJlxg21QZ_xTWi5cUo3wMIjX-rkxfWDvq7f0DEpoSCOQ5S_pJaZg_k4e1mahB_ceOTkMcjz4HmQrPpAMi-JuKkqeZrswVJz37XtdmpwGGdZY25UNN-RRO6IVtFkjd8JOX3kCqjTTu4RV86RU6lx3Si4dEdM-CO_FMVn_wuLgSapV7UYjSmndw4KaS7InECxbDC3Xm6jpTgcjjblEZbNV8KXtqfU0wn0rwPW_dPwLvIiq_-Qto9tzfj_cQGRB_fX_l_sHi73lO8YOtxLggXsMfp7ca5SXU8TOWI5mV6byb-ub8x-aqqyOzfgz-UQwovkd7j5EJCSbMNeSy_dNkq7Jul3NnWN8aGnxF1fNz-EfkpMhzQ8fO4ao2iRcuoGp3KqcfE6AXy9m1ENY8HTEteGne0RrdFPHsbUpW_8qzWGPTT9eAVW8FHaHFfZ_mpKb8RnIuAvBjWXmS6bTVNlwiBte_8_1tDGzhQL587DxcWgftF6QoaO2m8O3qWaBmg1B7-rgp6wX0Idz0UbRji07XrvmWXhtOdoJ4Bjue3pt6z_a74rh_Mv_nVl0uxIF0UJ7SnM5uony3UzIzfQOguXx0qd0VYRJ7s3qJV3_tF3Z8_cqjSoyW3-Q0pd3q3_t0o8ozdzYtn9y3Fns8w-37B4oBwlufQBQpnwI0d9zolgqoaSwxMgB0gz0qiwrrISaUk7c_5Zbn88XeWqyWyWeVuewsRjsfBSY28vuzb54wBFOouYW3OqyWs6satnZS8f0l3Q6r4B9eWokjlzqIyVeZ9v6Oqfiq1RsQ2VF9IkyZv1OgoZUlFWb9b_8R2Rq_YUQnufs1OQncZbp4p1lQcBlgtR6fp3W6Wm72MyeYsxdgmOF_qbJ-smbzwj3r0J7q03t_7YdlSy3fBMsSfJ3Z0Oq3o9X88Z",
            "delegates": null,
            "id": "projects/-/serviceAccounts/nashtech-ai-dev-app-sa@nashtech-ai-dev-389315.iam.gserviceaccount.com",
            "lifetime": "1200s",
            "scopes": [
              "cloud-platform",
              "userinfo-email"
            ],
            "target_service_account": "nashtech-ai-dev-app-sa@nashtech-ai-dev-389315.iam.gserviceaccount.com"
          },
          "sensitive_attributes": []
        }
      ]
    },
    {
      "mode": "managed",
      "type": "google_cloudbuild_trigger",
      "name": "serve-trigger",
      "provider": "provider[\"registry.terraform.io/hashicorp/google\"]",
      "instances": [
        {
          "schema_version": 2,
          "attributes": {
            "approval_config": [
              {
                "approval_required": false
              }
            ],
            "bitbucket_server_trigger_config": [],
            "build": [],
            "create_time": "2023-11-06T08:05:30.449105819Z",
            "description": "",
            "disabled": false,
            "filename": "",
            "filter": "",
            "git_file_source": [
              {
                "bitbucket_server_config": "",
                "github_enterprise_config": "",
                "path": "serving_container/serve_model_build.yaml",
                "repo_type": "GITHUB",
                "repository": "projects/nashtech-ai-dev-389315/locations/us-central1/connections/test-pipeline/repositories/test-pipeline",
                "revision": "refs/heads/main",
                "uri": ""
              }
            ],
            "github": [],
            "id": "projects/nashtech-ai-dev-389315/locations/us-central1/triggers/0eddaf34-4513-4b0f-9c6d-6e40b956203b",
            "ignored_files": [],
            "include_build_logs": "",
            "included_files": [],
            "location": "us-central1",
            "name": "clustering-serve-trigger",
            "project": "nashtech-ai-dev-389315",
            "pubsub_config": [
              {
                "service_account_email": "",
                "state": "",
                "subscription": "projects/24562761082/subscriptions/gcb-clustering-serve-trigger",
                "topic": "projects/nashtech-ai-dev-389315/topics/serve-model-topic"
              }
            ],
            "repository_event_config": [],
            "service_account": "projects/nashtech-ai-dev-389315/serviceAccounts/nashtech-ai-dev-app-sa@nashtech-ai-dev-389315.iam.gserviceaccount.com",
            "source_to_build": [
              {
                "bitbucket_server_config": "",
                "github_enterprise_config": "",
                "ref": "refs/heads/main",
                "repo_type": "GITHUB",
                "repository": "projects/nashtech-ai-dev-389315/locations/us-central1/connections/test-pipeline/repositories/test-pipeline",
                "uri": ""
              }
            ],
            "substitutions": {},
            "tags": [],
            "timeouts": null,
            "trigger_id": "0eddaf34-4513-4b0f-9c6d-6e40b956203b",
            "trigger_template": [],
            "webhook_config": []
          },
          "sensitive_attributes": [],
          "private": "eyJlMmJmYjczMC1lY2FhLTExZTYtOGY4OC0zNDM2M2JjN2M0YzAiOnsiY3JlYXRlIjoxMjAwMDAwMDAwMDAwLCJkZWxldGUiOjEyMDAwMDAwMDAwMDAsInVwZGF0ZSI6MTIwMDAwMDAwMDAwMH0sInNjaGVtYV92ZXJzaW9uIjoiMiJ9",
          "dependencies": [
            "data.google_iam_policy.serviceagent_secretAccessor",
            "data.google_service_account_access_token.default",
            "google_cloudbuildv2_connection.my_connection",
            "google_cloudbuildv2_repository.my_repository",
            "google_pubsub_topic.serve-trigger-topic",
            "google_secret_manager_secret.github_token_secret",
            "google_secret_manager_secret_iam_policy.policy",
            "google_secret_manager_secret_version.github_token_secret_version"
          ]
        }
      ]
    },
    {
      "mode": "managed",
      "type": "google_cloudbuildv2_connection",
      "name": "my_connection",
      "provider": "provider[\"registry.terraform.io/hashicorp/google\"]",
      "instances": [
        {
          "schema_version": 0,
          "attributes": {
            "annotations": {},
            "create_time": "2023-11-01T13:11:41.177700104Z",
            "disabled": false,
            "effective_annotations": {},
            "etag": "XHb83Hm3GLkXzLF0aeMjoZrbt0WQ5dXkQogN5WJlbOs",
            "github_config": [
              {
                "app_installation_id": 40534709,
                "authorizer_credential": [
                  {
                    "oauth_token_secret_version": "projects/24562761082/secrets/pipeline-trial/versions/1",
                    "username": ""
                  }
                ]
              }
            ],
            "github_enterprise_config": [],
            "gitlab_config": [],
            "id": "projects/nashtech-ai-dev-389315/locations/us-central1/connections/test-pipeline",
            "installation_state": [
              {
                "action_uri": "",
                "message": "",
                "stage": "COMPLETE"
              }
            ],
            "location": "us-central1",
            "name": "test-pipeline",
            "project": "nashtech-ai-dev-389315",
            "reconciling": false,
            "timeouts": null,
            "update_time": "2023-11-01T13:11:41.803059657Z"
          },
          "sensitive_attributes": [],
          "private": "eyJlMmJmYjczMC1lY2FhLTExZTYtOGY4OC0zNDM2M2JjN2M0YzAiOnsiY3JlYXRlIjoxMjAwMDAwMDAwMDAwLCJkZWxldGUiOjEyMDAwMDAwMDAwMDAsInVwZGF0ZSI6MTIwMDAwMDAwMDAwMH19",
          "dependencies": [
            "data.google_iam_policy.serviceagent_secretAccessor",
            "data.google_service_account_access_token.default",
            "google_secret_manager_secret.github_token_secret",
            "google_secret_manager_secret_iam_policy.policy",
            "google_secret_manager_secret_version.github_token_secret_version"
          ]
        }
      ]
    },
    {
      "mode": "managed",
      "type": "google_cloudbuildv2_repository",
      "name": "my_repository",
      "provider": "provider[\"registry.terraform.io/hashicorp/google\"]",
      "instances": [
        {
          "schema_version": 0,
          "attributes": {
            "annotations": {},
            "create_time": "2023-11-01T13:13:40.284382192Z",
            "effective_annotations": {},
            "etag": "0g3gXWek2skQABfCjSEyRcLiO42ioAZbwkVlhxSayno",
            "id": "projects/nashtech-ai-dev-389315/locations/us-central1/connections/test-pipeline/repositories/test-pipeline",
            "location": "us-central1",
            "name": "test-pipeline",
            "parent_connection": "test-pipeline",
            "project": "nashtech-ai-dev-389315",
            "remote_uri": "https://github.com/amanknoldus/test-pipeline.git",
            "timeouts": null,
            "update_time": "2023-11-01T13:13:40.929857222Z"
          },
          "sensitive_attributes": [],
          "private": "eyJlMmJmYjczMC1lY2FhLTExZTYtOGY4OC0zNDM2M2JjN2M0YzAiOnsiY3JlYXRlIjoxMjAwMDAwMDAwMDAwLCJkZWxldGUiOjEyMDAwMDAwMDAwMDB9fQ==",
          "dependencies": [
            "data.google_iam_policy.serviceagent_secretAccessor",
            "data.google_service_account_access_token.default",
            "google_cloudbuildv2_connection.my_connection",
            "google_secret_manager_secret.github_token_secret",
            "google_secret_manager_secret_iam_policy.policy",
            "google_secret_manager_secret_version.github_token_secret_version"
          ]
        }
      ]
    },
    {
      "mode": "managed",
      "type": "google_pubsub_topic",
      "name": "serve-trigger-topic",
      "provider": "provider[\"registry.terraform.io/hashicorp/google\"]",
      "instances": [
        {
          "schema_version": 0,
          "attributes": {
            "effective_labels": {},
            "id": "projects/nashtech-ai-dev-389315/topics/serve-model-topic",
            "kms_key_name": "",
            "labels": {},
            "message_retention_duration": "",
            "message_storage_policy": [],
            "name": "serve-model-topic",
            "project": "nashtech-ai-dev-389315",
            "schema_settings": [],
            "terraform_labels": {},
            "timeouts": null
          },
          "sensitive_attributes": [],
          "private": "eyJlMmJmYjczMC1lY2FhLTExZTYtOGY4OC0zNDM2M2JjN2M0YzAiOnsiY3JlYXRlIjoxMjAwMDAwMDAwMDAwLCJkZWxldGUiOjEyMDAwMDAwMDAwMDAsInVwZGF0ZSI6MTIwMDAwMDAwMDAwMH19",
          "dependencies": [
            "data.google_service_account_access_token.default"
          ]
        }
      ]
    },
    {
      "mode": "managed",
      "type": "google_secret_manager_secret",
      "name": "github_token_secret",
      "provider": "provider[\"registry.terraform.io/hashicorp/google\"]",
      "instances": [
        {
          "schema_version": 0,
          "attributes": {
            "annotations": {},
            "create_time": "2023-11-01T13:13:33.364676Z",
            "effective_annotations": {},
            "effective_labels": {},
            "expire_time": "",
            "id": "projects/nashtech-ai-dev-389315/secrets/pipeline-trial",
            "labels": {},
            "name": "projects/24562761082/secrets/pipeline-trial",
            "project": "nashtech-ai-dev-389315",
            "replication": [
              {
                "auto": [],
                "user_managed": [
                  {
                    "replicas": [
                      {
                        "customer_managed_encryption": [],
                        "location": "us-central1"
                      }
                    ]
                  }
                ]
              }
            ],
            "rotation": [],
            "secret_id": "pipeline-trial",
            "terraform_labels": {},
            "timeouts": null,
            "topics": [],
            "ttl": null,
            "version_aliases": {}
          },
          "sensitive_attributes": [],
          "private": "eyJlMmJmYjczMC1lY2FhLTExZTYtOGY4OC0zNDM2M2JjN2M0YzAiOnsiY3JlYXRlIjoxMjAwMDAwMDAwMDAwLCJkZWxldGUiOjEyMDAwMDAwMDAwMDAsInVwZGF0ZSI6MTIwMDAwMDAwMDAwMH19",
          "dependencies": [
            "data.google_service_account_access_token.default"
          ]
        }
      ]
    },
    {
      "mode": "managed",
      "type": "google_secret_manager_secret_iam_policy",
      "name": "policy",
      "provider": "provider[\"registry.terraform.io/hashicorp/google\"]",
      "instances": [
        {
          "schema_version": 0,
          "attributes": {
            "etag": "BwYJFwnbq8s=",
            "id": "projects/nashtech-ai-dev-389315/secrets/pipeline-trial",
            "policy_data": "{\"bindings\":[{\"members\":[\"serviceAccount:service-24562761082@gcp-sa-cloudbuild.iam.gserviceaccount.com\"],\"role\":\"roles/secretmanager.secretAccessor\"}]}",
            "project": "nashtech-ai-dev-389315",
            "secret_id": "projects/nashtech-ai-dev-389315/secrets/pipeline-trial"
          },
          "sensitive_attributes": [],
          "private": "bnVsbA==",
          "dependencies": [
            "data.google_iam_policy.serviceagent_secretAccessor",
            "data.google_service_account_access_token.default",
            "google_secret_manager_secret.github_token_secret"
          ]
        }
      ]
    },
    {
      "mode": "managed",
      "type": "google_secret_manager_secret_version",
      "name": "github_token_secret_version",
      "provider": "provider[\"registry.terraform.io/hashicorp/google\"]",
      "instances": [
        {
          "schema_version": 0,
          "attributes": {
            "create_time": "2023-11-01T13:13:35.295274Z",
            "deletion_policy": "DELETE",
            "destroy_time": "",
            "enabled": true,
            "id": "projects/24562761082/secrets/pipeline-trial/versions/1",
            "is_secret_data_base64": false,
            "name": "projects/24562761082/secrets/pipeline-trial/versions/1",
            "secret": "projects/nashtech-ai-dev-389315/secrets/pipeline-trial",
            "secret_data": "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",
            "timeouts": null,
            "version": "1"
          },
          "sensitive_attributes": [],
          "private": "eyJlMmJmYjczMC1lY2FhLTExZTYtOGY4OC0zNDM2M2JjN2M0YzAiOnsiY3JlYXRlIjoxMjAwMDAwMDAwMDAwLCJkZWxldGUiOjEyMDAwMDAwMDAwMDB9fQ==",
          "dependencies": [
            "data.google_service_account_access_token.default",
            "google_secret_manager_secret.github_token_secret"
          ]
        }
      ]
    }
  ],
  "check_results": null
}
